dependencies:
- name: kafka
  repository: https://charts.bitnami.com/bitnami
  version: 19.0.0
- name: prometheus-kafka-exporter
  repository: https://prometheus-community.github.io/helm-charts
  version: 1.7.0
digest: sha256:d8d3d800ddf563636e388c82f77a49e711987f58ba2277a6109c5a0169a80f83
generated: "2022-11-22T19:06:27.025979794-05:00"
